
Microsoft Visual Studio Solution File, Format Version 12.00
# Visual Studio Version 16
VisualStudioVersion = 16.0.30320.27
MinimumVisualStudioVersion = 10.0.40219.1
Project("{9A19103F-16F7-4668-BE54-9A1E7A4F7556}") = "Paladins.Api", "Paladins.Api\Paladins.Api.csproj", "{34CF9F28-DBFC-4105-8225-C5CB12350E1D}"
EndProject
Project("{9A19103F-16F7-4668-BE54-9A1E7A4F7556}") = "Paladins.Common", "Paladins.Common\Paladins.Common.csproj", "{8CCD1122-4290-43B6-8392-133FD151DD02}"
EndProject
Project("{9A19103F-16F7-4668-BE54-9A1E7A4F7556}") = "Paladins.Service", "Paladins.Service\Paladins.Service.csproj", "{DF2D62A7-8250-480A-B406-F8926927F3A1}"
EndProject
Project("{9A19103F-16F7-4668-BE54-9A1E7A4F7556}") = "Paladins.Repository", "Paladins.Repository\Paladins.Repository.csproj", "{1A47AC9E-2178-4EA7-AE6D-FB0F796DFAB0}"
EndProject
Project("{9A19103F-16F7-4668-BE54-9A1E7A4F7556}") = "Paladins.Client", "Paladins.Client\Paladins.Client.csproj", "{6B29B6AE-13D9-43F8-B92A-FB40BCC877DF}"
EndProject
Project("{2150E333-8FDC-42A3-9474-1A3956D46DE8}") = "Admin", "Admin", "{89705AF9-CC19-42F4-9F07-70C1314A9F5C}"
EndProject
Project("{9A19103F-16F7-4668-BE54-9A1E7A4F7556}") = "PaladinsAdmin", "PaladinsAdmin\PaladinsAdmin.csproj", "{5EA11897-E276-4A05-8A51-001223348A78}"
EndProject
Global
	GlobalSection(SolutionConfigurationPlatforms) = preSolution
		Debug|Any CPU = Debug|Any CPU
		Release|Any CPU = Release|Any CPU
	EndGlobalSection
	GlobalSection(ProjectConfigurationPlatforms) = postSolution
		{34CF9F28-DBFC-4105-8225-C5CB12350E1D}.Debug|Any CPU.ActiveCfg = Debug|Any CPU
		{34CF9F28-DBFC-4105-8225-C5CB12350E1D}.Debug|Any CPU.Build.0 = Debug|Any CPU
		{34CF9F28-DBFC-4105-8225-C5CB12350E1D}.Release|Any CPU.ActiveCfg = Release|Any CPU
		{34CF9F28-DBFC-4105-8225-C5CB12350E1D}.Release|Any CPU.Build.0 = Release|Any CPU
		{8CCD1122-4290-43B6-8392-133FD151DD02}.Debug|Any CPU.ActiveCfg = Debug|Any CPU
		{8CCD1122-4290-43B6-8392-133FD151DD02}.Debug|Any CPU.Build.0 = Debug|Any CPU
		{8CCD1122-4290-43B6-8392-133FD151DD02}.Release|Any CPU.ActiveCfg = Release|Any CPU
		{8CCD1122-4290-43B6-8392-133FD151DD02}.Release|Any CPU.Build.0 = Release|Any CPU
		{DF2D62A7-8250-480A-B406-F8926927F3A1}.Debug|Any CPU.ActiveCfg = Debug|Any CPU
		{DF2D62A7-8250-480A-B406-F8926927F3A1}.Debug|Any CPU.Build.0 = Debug|Any CPU
		{DF2D62A7-8250-480A-B406-F8926927F3A1}.Release|Any CPU.ActiveCfg = Release|Any CPU
		{DF2D62A7-8250-480A-B406-F8926927F3A1}.Release|Any CPU.Build.0 = Release|Any CPU
		{1A47AC9E-2178-4EA7-AE6D-FB0F796DFAB0}.Debug|Any CPU.ActiveCfg = Debug|Any CPU
		{1A47AC9E-2178-4EA7-AE6D-FB0F796DFAB0}.Debug|Any CPU.Build.0 = Debug|Any CPU
		{1A47AC9E-2178-4EA7-AE6D-FB0F796DFAB0}.Release|Any CPU.ActiveCfg = Release|Any CPU
		{1A47AC9E-2178-4EA7-AE6D-FB0F796DFAB0}.Release|Any CPU.Build.0 = Release|Any CPU
		{6B29B6AE-13D9-43F8-B92A-FB40BCC877DF}.Debug|Any CPU.ActiveCfg = Debug|Any CPU
		{6B29B6AE-13D9-43F8-B92A-FB40BCC877DF}.Debug|Any CPU.Build.0 = Debug|Any CPU
		{6B29B6AE-13D9-43F8-B92A-FB40BCC877DF}.Release|Any CPU.ActiveCfg = Release|Any CPU
		{6B29B6AE-13D9-43F8-B92A-FB40BCC877DF}.Release|Any CPU.Build.0 = Release|Any CPU
		{5EA11897-E276-4A05-8A51-001223348A78}.Debug|Any CPU.ActiveCfg = Debug|Any CPU
		{5EA11897-E276-4A05-8A51-001223348A78}.Debug|Any CPU.Build.0 = Debug|Any CPU
		{5EA11897-E276-4A05-8A51-001223348A78}.Release|Any CPU.ActiveCfg = Release|Any CPU
		{5EA11897-E276-4A05-8A51-001223348A78}.Release|Any CPU.Build.0 = Release|Any CPU
	EndGlobalSection
	GlobalSection(SolutionProperties) = preSolution
		HideSolutionNode = FALSE
	EndGlobalSection
	GlobalSection(NestedProjects) = preSolution
		{5EA11897-E276-4A05-8A51-001223348A78} = {89705AF9-CC19-42F4-9F07-70C1314A9F5C}
	EndGlobalSection
	GlobalSection(ExtensibilityGlobals) = postSolution
		SolutionGuid = {13FA18B6-5AA0-4EAA-B8C6-0FF855250AC9}
	EndGlobalSection
EndGlobal
